{
  "version": 1,
  "dependencies": {
    "net9.0-windows7.0": {
      "DalamudPackager": {
        "type": "Direct",
        "requested": "[13.1.0, )",
        "resolved": "13.1.0",
        "contentHash": "XdoNhJGyFby5M/sdcRhnc5xTop9PHy+H50PTWpzLhJugjB19EDBiHD/AsiDF66RETM+0qKUdJBZrNuebn7qswQ=="
      },
      "DotNet.ReproducibleBuilds": {
        "type": "Direct",
        "requested": "[1.2.25, )",
        "resolved": "1.2.25",
        "contentHash": "xCXiw7BCxHJ8pF6wPepRUddlh2dlQlbr81gXA72hdk4FLHkKXas7EH/n+fk5UCA/YfMqG1Z6XaPiUjDbUNBUzg=="
      },
      "ECommons": {
        "type": "Direct",
        "requested": "[3.0.1.26, )",
        "resolved": "3.0.1.26",
        "contentHash": "uPmrlihq3EVWy9ahfuKSuywoeDz3dkTHhxvFGSwiG7DAKmSmMANHN2ZZm39GnuCa5v0LwrAGZCsVPaUigdbDfg=="
      },
      "glamourer.api": {
        "type": "Project"
      }
    }
  }
}